
Microsoft Visual Studio Solution File, Format Version 12.00
# Visual Studio 15
VisualStudioVersion = 15.0.26430.12
MinimumVisualStudioVersion = 10.0.40219.1
Project("{9A19103F-16F7-4668-BE54-9A1E7A4F7556}") = "deviceidentifier.test.NETFramework", "deviceidentifier.test.NETFramework\deviceidentifier.test.NETFramework.csproj", "{69B06217-39AA-4950-B2A3-32DE3F55DD53}"
EndProject
Project("{9A19103F-16F7-4668-BE54-9A1E7A4F7556}") = "deviceidentifier", "deviceidentifier\deviceidentifier.csproj", "{D3934369-6508-49D4-AEA7-4CE19B1A2008}"
EndProject
Global
	GlobalSection(SolutionConfigurationPlatforms) = preSolution
		Debug|Any CPU = Debug|Any CPU
		Release|Any CPU = Release|Any CPU
	EndGlobalSection
	GlobalSection(ProjectConfigurationPlatforms) = postSolution
		{69B06217-39AA-4950-B2A3-32DE3F55DD53}.Debug|Any CPU.ActiveCfg = Debug|Any CPU
		{69B06217-39AA-4950-B2A3-32DE3F55DD53}.Debug|Any CPU.Build.0 = Debug|Any CPU
		{69B06217-39AA-4950-B2A3-32DE3F55DD53}.Release|Any CPU.ActiveCfg = Release|Any CPU
		{69B06217-39AA-4950-B2A3-32DE3F55DD53}.Release|Any CPU.Build.0 = Release|Any CPU
		{D3934369-6508-49D4-AEA7-4CE19B1A2008}.Debug|Any CPU.ActiveCfg = Debug|Any CPU
		{D3934369-6508-49D4-AEA7-4CE19B1A2008}.Debug|Any CPU.Build.0 = Debug|Any CPU
		{D3934369-6508-49D4-AEA7-4CE19B1A2008}.Release|Any CPU.ActiveCfg = Release|Any CPU
		{D3934369-6508-49D4-AEA7-4CE19B1A2008}.Release|Any CPU.Build.0 = Release|Any CPU
	EndGlobalSection
	GlobalSection(SolutionProperties) = preSolution
		HideSolutionNode = FALSE
	EndGlobalSection
EndGlobal
